
Microsoft Visual Studio Solution File, Format Version 12.00
# Visual Studio Version 17
VisualStudioVersion = 17.9.34728.123
MinimumVisualStudioVersion = 10.0.40219.1
Project("{FAE04EC0-301F-11D3-BF4B-00C04F79EFBC}") = "Satis_Platformasi", "Satis_Platformasi.csproj", "{380C9538-11F9-4DC8-AB19-FCE92947676C}"
EndProject
Global
	GlobalSection(SolutionConfigurationPlatforms) = preSolution
		Debug|Any CPU = Debug|Any CPU
		Release|Any CPU = Release|Any CPU
	EndGlobalSection
	GlobalSection(ProjectConfigurationPlatforms) = postSolution
		{380C9538-11F9-4DC8-AB19-FCE92947676C}.Debug|Any CPU.ActiveCfg = Debug|Any CPU
		{380C9538-11F9-4DC8-AB19-FCE92947676C}.Debug|Any CPU.Build.0 = Debug|Any CPU
		{380C9538-11F9-4DC8-AB19-FCE92947676C}.Release|Any CPU.ActiveCfg = Release|Any CPU
		{380C9538-11F9-4DC8-AB19-FCE92947676C}.Release|Any CPU.Build.0 = Release|Any CPU
	EndGlobalSection
	GlobalSection(SolutionProperties) = preSolution
		HideSolutionNode = FALSE
	EndGlobalSection
	GlobalSection(ExtensibilityGlobals) = postSolution
		SolutionGuid = {8BA21704-F7EE-4079-812A-D313B1220E47}
	EndGlobalSection
EndGlobal
